
Microsoft Visual Studio Solution File, Format Version 12.00
# Visual Studio 15
VisualStudioVersion = 15.0.28307.136
MinimumVisualStudioVersion = 10.0.40219.1
Project("{9A19103F-16F7-4668-BE54-9A1E7A4F7556}") = "Nexamind", "Nexamind\Nexamind.csproj", "{F4E833C5-6FA3-4FD8-8879-7F475A087A2E}"
EndProject
Project("{FAE04EC0-301F-11D3-BF4B-00C04F79EFBC}") = "Nexamind.Data", "Nexamind.Data\Nexamind.Data.csproj", "{1F43B245-0D17-4D1D-8DF2-71186E0B929B}"
EndProject
Project("{FAE04EC0-301F-11D3-BF4B-00C04F79EFBC}") = "Nexamind.BO", "Nexamind.BO\Nexamind.BO.csproj", "{766BB58E-DE94-4155-BE92-E8DE08F31A84}"
EndProject
Global
	GlobalSection(SolutionConfigurationPlatforms) = preSolution
		Debug|Any CPU = Debug|Any CPU
		Release|Any CPU = Release|Any CPU
	EndGlobalSection
	GlobalSection(ProjectConfigurationPlatforms) = postSolution
		{F4E833C5-6FA3-4FD8-8879-7F475A087A2E}.Debug|Any CPU.ActiveCfg = Debug|Any CPU
		{F4E833C5-6FA3-4FD8-8879-7F475A087A2E}.Debug|Any CPU.Build.0 = Debug|Any CPU
		{F4E833C5-6FA3-4FD8-8879-7F475A087A2E}.Release|Any CPU.ActiveCfg = Release|Any CPU
		{F4E833C5-6FA3-4FD8-8879-7F475A087A2E}.Release|Any CPU.Build.0 = Release|Any CPU
		{1F43B245-0D17-4D1D-8DF2-71186E0B929B}.Debug|Any CPU.ActiveCfg = Debug|Any CPU
		{1F43B245-0D17-4D1D-8DF2-71186E0B929B}.Debug|Any CPU.Build.0 = Debug|Any CPU
		{1F43B245-0D17-4D1D-8DF2-71186E0B929B}.Release|Any CPU.ActiveCfg = Release|Any CPU
		{1F43B245-0D17-4D1D-8DF2-71186E0B929B}.Release|Any CPU.Build.0 = Release|Any CPU
		{766BB58E-DE94-4155-BE92-E8DE08F31A84}.Debug|Any CPU.ActiveCfg = Debug|Any CPU
		{766BB58E-DE94-4155-BE92-E8DE08F31A84}.Debug|Any CPU.Build.0 = Debug|Any CPU
		{766BB58E-DE94-4155-BE92-E8DE08F31A84}.Release|Any CPU.ActiveCfg = Release|Any CPU
		{766BB58E-DE94-4155-BE92-E8DE08F31A84}.Release|Any CPU.Build.0 = Release|Any CPU
	EndGlobalSection
	GlobalSection(SolutionProperties) = preSolution
		HideSolutionNode = FALSE
	EndGlobalSection
	GlobalSection(ExtensibilityGlobals) = postSolution
		SolutionGuid = {F9CDD7A4-D004-4446-BA69-420B727698D1}
	EndGlobalSection
EndGlobal
